
Microsoft Visual Studio Solution File, Format Version 12.00
# Visual Studio Version 16
VisualStudioVersion = 16.0.31005.135
MinimumVisualStudioVersion = 10.0.40219.1
Project("{FAE04EC0-301F-11D3-BF4B-00C04F79EFBC}") = "Linked Lists", "Linked Lists\Linked Lists.csproj", "{DEB61872-E736-4AF8-AD0A-7DF13C682AC5}"
EndProject
Global
	GlobalSection(SolutionConfigurationPlatforms) = preSolution
		Debug|Any CPU = Debug|Any CPU
		Release|Any CPU = Release|Any CPU
	EndGlobalSection
	GlobalSection(ProjectConfigurationPlatforms) = postSolution
		{DEB61872-E736-4AF8-AD0A-7DF13C682AC5}.Debug|Any CPU.ActiveCfg = Debug|Any CPU
		{DEB61872-E736-4AF8-AD0A-7DF13C682AC5}.Debug|Any CPU.Build.0 = Debug|Any CPU
		{DEB61872-E736-4AF8-AD0A-7DF13C682AC5}.Release|Any CPU.ActiveCfg = Release|Any CPU
		{DEB61872-E736-4AF8-AD0A-7DF13C682AC5}.Release|Any CPU.Build.0 = Release|Any CPU
	EndGlobalSection
	GlobalSection(SolutionProperties) = preSolution
		HideSolutionNode = FALSE
	EndGlobalSection
	GlobalSection(ExtensibilityGlobals) = postSolution
		SolutionGuid = {42D02D78-362D-488F-A46D-9649F5EE99F5}
	EndGlobalSection
EndGlobal
