
Microsoft Visual Studio Solution File, Format Version 12.00
# Visual Studio Version 16
VisualStudioVersion = 16.0.31005.135
MinimumVisualStudioVersion = 10.0.40219.1
Project("{FAE04EC0-301F-11D3-BF4B-00C04F79EFBC}") = "Queues", "Queues\Queues.csproj", "{5242E9A1-F78D-4A3E-851F-86876F9DDA23}"
EndProject
Global
	GlobalSection(SolutionConfigurationPlatforms) = preSolution
		Debug|Any CPU = Debug|Any CPU
		Release|Any CPU = Release|Any CPU
	EndGlobalSection
	GlobalSection(ProjectConfigurationPlatforms) = postSolution
		{5242E9A1-F78D-4A3E-851F-86876F9DDA23}.Debug|Any CPU.ActiveCfg = Debug|Any CPU
		{5242E9A1-F78D-4A3E-851F-86876F9DDA23}.Debug|Any CPU.Build.0 = Debug|Any CPU
		{5242E9A1-F78D-4A3E-851F-86876F9DDA23}.Release|Any CPU.ActiveCfg = Release|Any CPU
		{5242E9A1-F78D-4A3E-851F-86876F9DDA23}.Release|Any CPU.Build.0 = Release|Any CPU
	EndGlobalSection
	GlobalSection(SolutionProperties) = preSolution
		HideSolutionNode = FALSE
	EndGlobalSection
	GlobalSection(ExtensibilityGlobals) = postSolution
		SolutionGuid = {8456D236-F4F2-4BB4-B106-55FAB6BA621F}
	EndGlobalSection
EndGlobal
